
Microsoft Visual Studio Solution File, Format Version 12.00
# Visual Studio 15
VisualStudioVersion = 15.0.28010.2003
MinimumVisualStudioVersion = 10.0.40219.1
Project("{FAE04EC0-301F-11D3-BF4B-00C04F79EFBC}") = "Cdd.UI", "Cdd.UI\Cdd.UI.csproj", "{22221BD5-BC4A-4DF7-B63B-19F9E7E19B09}"
EndProject
Project("{2150E333-8FDC-42A3-9474-1A3956D46DE8}") = "1 - Presentation", "1 - Presentation", "{ECF587D1-4916-40ED-8719-86C00AA84561}"
EndProject
Project("{2150E333-8FDC-42A3-9474-1A3956D46DE8}") = "2 - Services", "2 - Services", "{FE528DA7-DB8C-4379-B26D-892B097AA19D}"
EndProject
Project("{FAE04EC0-301F-11D3-BF4B-00C04F79EFBC}") = "Cdd.WebApi", "Cdd.WebApi\Cdd.WebApi.csproj", "{E08F344B-EBFB-4A93-86D4-01AF0706833C}"
EndProject
Project("{2150E333-8FDC-42A3-9474-1A3956D46DE8}") = "3 - Application", "3 - Application", "{86944899-9563-406D-B798-ABDAE112E951}"
EndProject
Project("{FAE04EC0-301F-11D3-BF4B-00C04F79EFBC}") = "Cdd.Application", "Cdd.Application\Cdd.Application.csproj", "{7A1004D2-6ABF-4E0F-94FB-036BBE6E414B}"
EndProject
Project("{2150E333-8FDC-42A3-9474-1A3956D46DE8}") = "4 - Domain", "4 - Domain", "{364955A8-A67B-4169-8570-8B056AD3A41B}"
EndProject
Project("{FAE04EC0-301F-11D3-BF4B-00C04F79EFBC}") = "Cdd.Domain", "Cdd.Domain\Cdd.Domain.csproj", "{DE048F8B-5F4E-4124-8E7E-AD9D61829433}"
EndProject
Project("{FAE04EC0-301F-11D3-BF4B-00C04F79EFBC}") = "Cdd.Domain.Core", "Cdd.Domain.Core\Cdd.Domain.Core.csproj", "{8DD61EB5-3C0F-4DE9-BEE5-CD4BD714854A}"
EndProject
Project("{2150E333-8FDC-42A3-9474-1A3956D46DE8}") = "5 - Infra", "5 - Infra", "{6BFED115-5049-4976-AF05-7427B4F9A369}"
EndProject
Project("{2150E333-8FDC-42A3-9474-1A3956D46DE8}") = "5.1 - Data", "5.1 - Data", "{4912FADF-7FF3-49ED-A4E9-78CB2440B02F}"
EndProject
Project("{FAE04EC0-301F-11D3-BF4B-00C04F79EFBC}") = "Cdd.Infra.Data", "Cdd.Infra.Data\Cdd.Infra.Data.csproj", "{497B7A84-3D7B-46B0-BA6B-CD4A9BEC7111}"
EndProject
Project("{2150E333-8FDC-42A3-9474-1A3956D46DE8}") = "5.2 - CrossCutting", "5.2 - CrossCutting", "{CA42D044-30A3-4BB2-A32C-7F56079A766B}"
EndProject
Project("{FAE04EC0-301F-11D3-BF4B-00C04F79EFBC}") = "Cdd.Infra.CrossCutting.Bus", "Cdd.Infra.CrossCutting.Bus\Cdd.Infra.CrossCutting.Bus.csproj", "{803DB02B-67F1-448F-B0CD-E6CE5E623AF1}"
EndProject
Project("{FAE04EC0-301F-11D3-BF4B-00C04F79EFBC}") = "Cdd.Infra.CrossCutting.Identity", "Cdd.Infra.CrossCutting.Identity\Cdd.Infra.CrossCutting.Identity.csproj", "{7D4F1F05-9DAD-4B80-907F-1A2C6354DAEE}"
EndProject
Project("{FAE04EC0-301F-11D3-BF4B-00C04F79EFBC}") = "Cdd.Infra.CrossCutting.IoC", "Cdd.Infra.CrossCutting.IoC\Cdd.Infra.CrossCutting.IoC.csproj", "{3D326017-B6D5-4321-88EA-E685B29EDC1F}"
EndProject
Global
	GlobalSection(SolutionConfigurationPlatforms) = preSolution
		Debug|Any CPU = Debug|Any CPU
		Release|Any CPU = Release|Any CPU
	EndGlobalSection
	GlobalSection(ProjectConfigurationPlatforms) = postSolution
		{22221BD5-BC4A-4DF7-B63B-19F9E7E19B09}.Debug|Any CPU.ActiveCfg = Debug|Any CPU
		{22221BD5-BC4A-4DF7-B63B-19F9E7E19B09}.Debug|Any CPU.Build.0 = Debug|Any CPU
		{22221BD5-BC4A-4DF7-B63B-19F9E7E19B09}.Release|Any CPU.ActiveCfg = Release|Any CPU
		{22221BD5-BC4A-4DF7-B63B-19F9E7E19B09}.Release|Any CPU.Build.0 = Release|Any CPU
		{E08F344B-EBFB-4A93-86D4-01AF0706833C}.Debug|Any CPU.ActiveCfg = Debug|Any CPU
		{E08F344B-EBFB-4A93-86D4-01AF0706833C}.Debug|Any CPU.Build.0 = Debug|Any CPU
		{E08F344B-EBFB-4A93-86D4-01AF0706833C}.Release|Any CPU.ActiveCfg = Release|Any CPU
		{E08F344B-EBFB-4A93-86D4-01AF0706833C}.Release|Any CPU.Build.0 = Release|Any CPU
		{7A1004D2-6ABF-4E0F-94FB-036BBE6E414B}.Debug|Any CPU.ActiveCfg = Debug|Any CPU
		{7A1004D2-6ABF-4E0F-94FB-036BBE6E414B}.Debug|Any CPU.Build.0 = Debug|Any CPU
		{7A1004D2-6ABF-4E0F-94FB-036BBE6E414B}.Release|Any CPU.ActiveCfg = Release|Any CPU
		{7A1004D2-6ABF-4E0F-94FB-036BBE6E414B}.Release|Any CPU.Build.0 = Release|Any CPU
		{DE048F8B-5F4E-4124-8E7E-AD9D61829433}.Debug|Any CPU.ActiveCfg = Debug|Any CPU
		{DE048F8B-5F4E-4124-8E7E-AD9D61829433}.Debug|Any CPU.Build.0 = Debug|Any CPU
		{DE048F8B-5F4E-4124-8E7E-AD9D61829433}.Release|Any CPU.ActiveCfg = Release|Any CPU
		{DE048F8B-5F4E-4124-8E7E-AD9D61829433}.Release|Any CPU.Build.0 = Release|Any CPU
		{8DD61EB5-3C0F-4DE9-BEE5-CD4BD714854A}.Debug|Any CPU.ActiveCfg = Debug|Any CPU
		{8DD61EB5-3C0F-4DE9-BEE5-CD4BD714854A}.Debug|Any CPU.Build.0 = Debug|Any CPU
		{8DD61EB5-3C0F-4DE9-BEE5-CD4BD714854A}.Release|Any CPU.ActiveCfg = Release|Any CPU
		{8DD61EB5-3C0F-4DE9-BEE5-CD4BD714854A}.Release|Any CPU.Build.0 = Release|Any CPU
		{497B7A84-3D7B-46B0-BA6B-CD4A9BEC7111}.Debug|Any CPU.ActiveCfg = Debug|Any CPU
		{497B7A84-3D7B-46B0-BA6B-CD4A9BEC7111}.Debug|Any CPU.Build.0 = Debug|Any CPU
		{497B7A84-3D7B-46B0-BA6B-CD4A9BEC7111}.Release|Any CPU.ActiveCfg = Release|Any CPU
		{497B7A84-3D7B-46B0-BA6B-CD4A9BEC7111}.Release|Any CPU.Build.0 = Release|Any CPU
		{803DB02B-67F1-448F-B0CD-E6CE5E623AF1}.Debug|Any CPU.ActiveCfg = Debug|Any CPU
		{803DB02B-67F1-448F-B0CD-E6CE5E623AF1}.Debug|Any CPU.Build.0 = Debug|Any CPU
		{803DB02B-67F1-448F-B0CD-E6CE5E623AF1}.Release|Any CPU.ActiveCfg = Release|Any CPU
		{803DB02B-67F1-448F-B0CD-E6CE5E623AF1}.Release|Any CPU.Build.0 = Release|Any CPU
		{7D4F1F05-9DAD-4B80-907F-1A2C6354DAEE}.Debug|Any CPU.ActiveCfg = Debug|Any CPU
		{7D4F1F05-9DAD-4B80-907F-1A2C6354DAEE}.Debug|Any CPU.Build.0 = Debug|Any CPU
		{7D4F1F05-9DAD-4B80-907F-1A2C6354DAEE}.Release|Any CPU.ActiveCfg = Release|Any CPU
		{7D4F1F05-9DAD-4B80-907F-1A2C6354DAEE}.Release|Any CPU.Build.0 = Release|Any CPU
		{3D326017-B6D5-4321-88EA-E685B29EDC1F}.Debug|Any CPU.ActiveCfg = Debug|Any CPU
		{3D326017-B6D5-4321-88EA-E685B29EDC1F}.Debug|Any CPU.Build.0 = Debug|Any CPU
		{3D326017-B6D5-4321-88EA-E685B29EDC1F}.Release|Any CPU.ActiveCfg = Release|Any CPU
		{3D326017-B6D5-4321-88EA-E685B29EDC1F}.Release|Any CPU.Build.0 = Release|Any CPU
	EndGlobalSection
	GlobalSection(SolutionProperties) = preSolution
		HideSolutionNode = FALSE
	EndGlobalSection
	GlobalSection(NestedProjects) = preSolution
		{22221BD5-BC4A-4DF7-B63B-19F9E7E19B09} = {ECF587D1-4916-40ED-8719-86C00AA84561}
		{E08F344B-EBFB-4A93-86D4-01AF0706833C} = {FE528DA7-DB8C-4379-B26D-892B097AA19D}
		{7A1004D2-6ABF-4E0F-94FB-036BBE6E414B} = {86944899-9563-406D-B798-ABDAE112E951}
		{DE048F8B-5F4E-4124-8E7E-AD9D61829433} = {364955A8-A67B-4169-8570-8B056AD3A41B}
		{8DD61EB5-3C0F-4DE9-BEE5-CD4BD714854A} = {364955A8-A67B-4169-8570-8B056AD3A41B}
		{4912FADF-7FF3-49ED-A4E9-78CB2440B02F} = {6BFED115-5049-4976-AF05-7427B4F9A369}
		{497B7A84-3D7B-46B0-BA6B-CD4A9BEC7111} = {4912FADF-7FF3-49ED-A4E9-78CB2440B02F}
		{CA42D044-30A3-4BB2-A32C-7F56079A766B} = {6BFED115-5049-4976-AF05-7427B4F9A369}
		{803DB02B-67F1-448F-B0CD-E6CE5E623AF1} = {CA42D044-30A3-4BB2-A32C-7F56079A766B}
		{7D4F1F05-9DAD-4B80-907F-1A2C6354DAEE} = {CA42D044-30A3-4BB2-A32C-7F56079A766B}
		{3D326017-B6D5-4321-88EA-E685B29EDC1F} = {CA42D044-30A3-4BB2-A32C-7F56079A766B}
	EndGlobalSection
	GlobalSection(ExtensibilityGlobals) = postSolution
		SolutionGuid = {8DCB478A-0AF1-41D7-A61E-9A6382D9ABCB}
	EndGlobalSection
EndGlobal
